
Microsoft Visual Studio Solution File, Format Version 12.00
# Visual Studio Version 16
VisualStudioVersion = 16.0.32002.261
MinimumVisualStudioVersion = 10.0.40219.1
Project("{FAE04EC0-301F-11D3-BF4B-00C04F79EFBC}") = "voting eligability - branching", "voting eligability - branching\voting eligability - branching.csproj", "{CFB9A456-9559-425F-AE42-9C4E3B9B180A}"
EndProject
Global
	GlobalSection(SolutionConfigurationPlatforms) = preSolution
		Debug|Any CPU = Debug|Any CPU
		Release|Any CPU = Release|Any CPU
	EndGlobalSection
	GlobalSection(ProjectConfigurationPlatforms) = postSolution
		{CFB9A456-9559-425F-AE42-9C4E3B9B180A}.Debug|Any CPU.ActiveCfg = Debug|Any CPU
		{CFB9A456-9559-425F-AE42-9C4E3B9B180A}.Debug|Any CPU.Build.0 = Debug|Any CPU
		{CFB9A456-9559-425F-AE42-9C4E3B9B180A}.Release|Any CPU.ActiveCfg = Release|Any CPU
		{CFB9A456-9559-425F-AE42-9C4E3B9B180A}.Release|Any CPU.Build.0 = Release|Any CPU
	EndGlobalSection
	GlobalSection(SolutionProperties) = preSolution
		HideSolutionNode = FALSE
	EndGlobalSection
	GlobalSection(ExtensibilityGlobals) = postSolution
		SolutionGuid = {C59D9504-D4AB-43E1-AC41-DE086AE1C1FB}
	EndGlobalSection
EndGlobal
